// !$*UTF8*$!
{
	archiveVersion = 1;
	classes = {
	};
	objectVersion = 56;
	objects = {

/* Begin PBXBuildFile section */
		2C639ADD2BF9C8CF00420610 /* HalmooniApp.swift in Sources */ = {isa = PBXBuildFile; fileRef = 2C639ADC2BF9C8CF00420610 /* HalmooniApp.swift */; };
		2C639ADF2BF9C8CF00420610 /* MainTabView.swift in Sources */ = {isa = PBXBuildFile; fileRef = 2C639ADE2BF9C8CF00420610 /* MainTabView.swift */; };
		2C639AE12BF9C8D000420610 /* Assets.xcassets in Resources */ = {isa = PBXBuildFile; fileRef = 2C639AE02BF9C8D000420610 /* Assets.xcassets */; };
		2C639AE42BF9C8D000420610 /* Preview Assets.xcassets in Resources */ = {isa = PBXBuildFile; fileRef = 2C639AE32BF9C8D000420610 /* Preview Assets.xcassets */; };
		2C639AEB2BF9C90F00420610 /* .gitignore in Resources */ = {isa = PBXBuildFile; fileRef = 2C639AEA2BF9C90F00420610 /* .gitignore */; };
		2C639AF22BF9CC3000420610 /* DiaryModel.xcdatamodeld in Sources */ = {isa = PBXBuildFile; fileRef = 2C639AF02BF9CC3000420610 /* DiaryModel.xcdatamodeld */; };
		2CF2DBE22BFA2245008D2B4E /* PersistentController.swift in Sources */ = {isa = PBXBuildFile; fileRef = 2CF2DBE12BFA2245008D2B4E /* PersistentController.swift */; };
		2CF2DBE42BFA337A008D2B4E /* .gitattributes in Resources */ = {isa = PBXBuildFile; fileRef = 2CF2DBE32BFA337A008D2B4E /* .gitattributes */; };
		2CF2DBEE2BFB3B7D008D2B4E /* MainAddDiaryView.swift in Sources */ = {isa = PBXBuildFile; fileRef = 2CF2DBED2BFB3B7D008D2B4E /* MainAddDiaryView.swift */; };
		2CF2DBF02BFB3BB9008D2B4E /* AddDiaryRecordView.swift in Sources */ = {isa = PBXBuildFile; fileRef = 2CF2DBEF2BFB3BB9008D2B4E /* AddDiaryRecordView.swift */; };
		2CF2DBF22BFB3BC6008D2B4E /* AddDiaryTemplateView.swift in Sources */ = {isa = PBXBuildFile; fileRef = 2CF2DBF12BFB3BC6008D2B4E /* AddDiaryTemplateView.swift */; };
		464117E32BFB270100259B3F /* GuageBar.swift in Sources */ = {isa = PBXBuildFile; fileRef = 464117DA2BFB270100259B3F /* GuageBar.swift */; };
		464117E42BFB270100259B3F /* AddStamp.swift in Sources */ = {isa = PBXBuildFile; fileRef = 464117DC2BFB270100259B3F /* AddStamp.swift */; };
		464117E52BFB270100259B3F /* AddStampDetail.swift in Sources */ = {isa = PBXBuildFile; fileRef = 464117DD2BFB270100259B3F /* AddStampDetail.swift */; };
		464117E62BFB270100259B3F /* CurrentStamp.swift in Sources */ = {isa = PBXBuildFile; fileRef = 464117DE2BFB270100259B3F /* CurrentStamp.swift */; };
		464117E72BFB270100259B3F /* CalendarView.swift in Sources */ = {isa = PBXBuildFile; fileRef = 464117E02BFB270100259B3F /* CalendarView.swift */; };
		464117E82BFB270100259B3F /* GoalView.swift in Sources */ = {isa = PBXBuildFile; fileRef = 464117E12BFB270100259B3F /* GoalView.swift */; };
		B91FEB3A2BFC874D00C78843 /* DiaryCollectionView.swift in Sources */ = {isa = PBXBuildFile; fileRef = B91FEB392BFC874D00C78843 /* DiaryCollectionView.swift */; };
		B91FEB3C2BFC875500C78843 /* DiaryDetailView.swift in Sources */ = {isa = PBXBuildFile; fileRef = B91FEB3B2BFC875500C78843 /* DiaryDetailView.swift */; };
		B93C32992BFB34A1007699BB /* Title.swift in Sources */ = {isa = PBXBuildFile; fileRef = B93C32982BFB34A1007699BB /* Title.swift */; };
/* End PBXBuildFile section */

/* Begin PBXFileReference section */
		2C639AD92BF9C8CF00420610 /* Halmooni.app */ = {isa = PBXFileReference; explicitFileType = wrapper.application; includeInIndex = 0; path = Halmooni.app; sourceTree = BUILT_PRODUCTS_DIR; };
		2C639ADC2BF9C8CF00420610 /* HalmooniApp.swift */ = {isa = PBXFileReference; lastKnownFileType = sourcecode.swift; path = HalmooniApp.swift; sourceTree = "<group>"; };
		2C639ADE2BF9C8CF00420610 /* MainTabView.swift */ = {isa = PBXFileReference; lastKnownFileType = sourcecode.swift; path = MainTabView.swift; sourceTree = "<group>"; };
		2C639AE02BF9C8D000420610 /* Assets.xcassets */ = {isa = PBXFileReference; lastKnownFileType = folder.assetcatalog; path = Assets.xcassets; sourceTree = "<group>"; };
		2C639AE32BF9C8D000420610 /* Preview Assets.xcassets */ = {isa = PBXFileReference; lastKnownFileType = folder.assetcatalog; path = "Preview Assets.xcassets"; sourceTree = "<group>"; };
		2C639AEA2BF9C90F00420610 /* .gitignore */ = {isa = PBXFileReference; lastKnownFileType = text; path = .gitignore; sourceTree = "<group>"; };
		2C639AED2BF9CB7900420610 /* Halmooni.entitlements */ = {isa = PBXFileReference; lastKnownFileType = text.plist.entitlements; path = Halmooni.entitlements; sourceTree = "<group>"; };
		2C639AEE2BF9CB9600420610 /* Info.plist */ = {isa = PBXFileReference; lastKnownFileType = text.plist; path = Info.plist; sourceTree = "<group>"; };
		2C639AF12BF9CC3000420610 /* Model.xcdatamodel */ = {isa = PBXFileReference; lastKnownFileType = wrapper.xcdatamodel; path = Model.xcdatamodel; sourceTree = "<group>"; };
		2CF2DBE12BFA2245008D2B4E /* PersistentController.swift */ = {isa = PBXFileReference; lastKnownFileType = sourcecode.swift; path = PersistentController.swift; sourceTree = "<group>"; };
		2CF2DBE32BFA337A008D2B4E /* .gitattributes */ = {isa = PBXFileReference; lastKnownFileType = text; path = .gitattributes; sourceTree = "<group>"; };
		2CF2DBED2BFB3B7D008D2B4E /* MainAddDiaryView.swift */ = {isa = PBXFileReference; lastKnownFileType = sourcecode.swift; path = MainAddDiaryView.swift; sourceTree = "<group>"; };
		2CF2DBEF2BFB3BB9008D2B4E /* AddDiaryRecordView.swift */ = {isa = PBXFileReference; lastKnownFileType = sourcecode.swift; path = AddDiaryRecordView.swift; sourceTree = "<group>"; };
		2CF2DBF12BFB3BC6008D2B4E /* AddDiaryTemplateView.swift */ = {isa = PBXFileReference; lastKnownFileType = sourcecode.swift; path = AddDiaryTemplateView.swift; sourceTree = "<group>"; };
		464117DA2BFB270100259B3F /* GuageBar.swift */ = {isa = PBXFileReference; fileEncoding = 4; lastKnownFileType = sourcecode.swift; path = GuageBar.swift; sourceTree = "<group>"; };
		464117DC2BFB270100259B3F /* AddStamp.swift */ = {isa = PBXFileReference; fileEncoding = 4; lastKnownFileType = sourcecode.swift; path = AddStamp.swift; sourceTree = "<group>"; };
		464117DD2BFB270100259B3F /* AddStampDetail.swift */ = {isa = PBXFileReference; fileEncoding = 4; lastKnownFileType = sourcecode.swift; path = AddStampDetail.swift; sourceTree = "<group>"; };
		464117DE2BFB270100259B3F /* CurrentStamp.swift */ = {isa = PBXFileReference; fileEncoding = 4; lastKnownFileType = sourcecode.swift; path = CurrentStamp.swift; sourceTree = "<group>"; };
		464117E02BFB270100259B3F /* CalendarView.swift */ = {isa = PBXFileReference; fileEncoding = 4; lastKnownFileType = sourcecode.swift; path = CalendarView.swift; sourceTree = "<group>"; };
		464117E12BFB270100259B3F /* GoalView.swift */ = {isa = PBXFileReference; fileEncoding = 4; lastKnownFileType = sourcecode.swift; path = GoalView.swift; sourceTree = "<group>"; };
		B91FEB392BFC874D00C78843 /* DiaryCollectionView.swift */ = {isa = PBXFileReference; lastKnownFileType = sourcecode.swift; path = DiaryCollectionView.swift; sourceTree = "<group>"; };
		B91FEB3B2BFC875500C78843 /* DiaryDetailView.swift */ = {isa = PBXFileReference; lastKnownFileType = sourcecode.swift; path = DiaryDetailView.swift; sourceTree = "<group>"; };
		B93C32982BFB34A1007699BB /* Title.swift */ = {isa = PBXFileReference; lastKnownFileType = sourcecode.swift; path = Title.swift; sourceTree = "<group>"; };
/* End PBXFileReference section */

/* Begin PBXFrameworksBuildPhase section */
		2C639AD62BF9C8CF00420610 /* Frameworks */ = {
			isa = PBXFrameworksBuildPhase;
			buildActionMask = 2147483647;
			files = (
			);
			runOnlyForDeploymentPostprocessing = 0;
		};
/* End PBXFrameworksBuildPhase section */

/* Begin PBXGroup section */
		2C639AD02BF9C8CF00420610 = {
			isa = PBXGroup;
			children = (
				2CF2DBE32BFA337A008D2B4E /* .gitattributes */,
				2C639AEA2BF9C90F00420610 /* .gitignore */,
				2C639ADB2BF9C8CF00420610 /* Halmooni */,
				2C639ADA2BF9C8CF00420610 /* Products */,
			);
			sourceTree = "<group>";
		};
		2C639ADA2BF9C8CF00420610 /* Products */ = {
			isa = PBXGroup;
			children = (
				2C639AD92BF9C8CF00420610 /* Halmooni.app */,
			);
			name = Products;
			sourceTree = "<group>";
		};
		2C639ADB2BF9C8CF00420610 /* Halmooni */ = {
			isa = PBXGroup;
			children = (
				2CF2DBE02BFA2238008D2B4E /* Helpers */,
				2C639AEF2BF9CC2200420610 /* Model */,
				2C639AEE2BF9CB9600420610 /* Info.plist */,
				2C639AED2BF9CB7900420610 /* Halmooni.entitlements */,
				2C639AEC2BF9C92C00420610 /* Views */,
				2C639ADC2BF9C8CF00420610 /* HalmooniApp.swift */,
				2C639AE02BF9C8D000420610 /* Assets.xcassets */,
				2C639AE22BF9C8D000420610 /* Preview Content */,
			);
			path = Halmooni;
			sourceTree = "<group>";
		};
		2C639AE22BF9C8D000420610 /* Preview Content */ = {
			isa = PBXGroup;
			children = (
				2C639AE32BF9C8D000420610 /* Preview Assets.xcassets */,
			);
			path = "Preview Content";
			sourceTree = "<group>";
		};
		2C639AEC2BF9C92C00420610 /* Views */ = {
			isa = PBXGroup;
			children = (
				B91FEB382BFC872A00C78843 /* DiaryCollection */,
				2CF2DBEC2BFB3B6A008D2B4E /* AddDiary */,
				464117E22BFB270100259B3F /* Goal */,
				2C639ADE2BF9C8CF00420610 /* MainTabView.swift */,
			);
			path = Views;
			sourceTree = "<group>";
		};
		2C639AEF2BF9CC2200420610 /* Model */ = {
			isa = PBXGroup;
			children = (
				2C639AF02BF9CC3000420610 /* DiaryModel.xcdatamodeld */,
				B93C32982BFB34A1007699BB /* Title.swift */,
			);
			path = Model;
			sourceTree = "<group>";
		};
		2CF2DBE02BFA2238008D2B4E /* Helpers */ = {
			isa = PBXGroup;
			children = (
				2CF2DBE12BFA2245008D2B4E /* PersistentController.swift */,
			);
			path = Helpers;
			sourceTree = "<group>";
		};
		2CF2DBEC2BFB3B6A008D2B4E /* AddDiary */ = {
			isa = PBXGroup;
			children = (
				2CF2DBED2BFB3B7D008D2B4E /* MainAddDiaryView.swift */,
				2CF2DBEF2BFB3BB9008D2B4E /* AddDiaryRecordView.swift */,
				2CF2DBF12BFB3BC6008D2B4E /* AddDiaryTemplateView.swift */,
			);
			path = AddDiary;
			sourceTree = "<group>";
		};
		464117DB2BFB270100259B3F /* Guage */ = {
			isa = PBXGroup;
			children = (
				464117DA2BFB270100259B3F /* GuageBar.swift */,
			);
			path = Guage;
			sourceTree = "<group>";
		};
		464117DF2BFB270100259B3F /* Stamp */ = {
			isa = PBXGroup;
			children = (
				464117DC2BFB270100259B3F /* AddStamp.swift */,
				464117DD2BFB270100259B3F /* AddStampDetail.swift */,
				464117DE2BFB270100259B3F /* CurrentStamp.swift */,
			);
			path = Stamp;
			sourceTree = "<group>";
		};
		464117E22BFB270100259B3F /* Goal */ = {
			isa = PBXGroup;
			children = (
				464117DB2BFB270100259B3F /* Guage */,
				464117DF2BFB270100259B3F /* Stamp */,
				464117E02BFB270100259B3F /* CalendarView.swift */,
				464117E12BFB270100259B3F /* GoalView.swift */,
			);
			path = Goal;
			sourceTree = "<group>";
		};
		B91FEB382BFC872A00C78843 /* DiaryCollection */ = {
			isa = PBXGroup;
			children = (
				B91FEB392BFC874D00C78843 /* DiaryCollectionView.swift */,
				B91FEB3B2BFC875500C78843 /* DiaryDetailView.swift */,
			);
			path = DiaryCollection;
			sourceTree = "<group>";
		};
/* End PBXGroup section */

/* Begin PBXNativeTarget section */
		2C639AD82BF9C8CF00420610 /* Halmooni */ = {
			isa = PBXNativeTarget;
			buildConfigurationList = 2C639AE72BF9C8D000420610 /* Build configuration list for PBXNativeTarget "Halmooni" */;
			buildPhases = (
				2C639AD52BF9C8CF00420610 /* Sources */,
				2C639AD62BF9C8CF00420610 /* Frameworks */,
				2C639AD72BF9C8CF00420610 /* Resources */,
			);
			buildRules = (
			);
			dependencies = (
			);
			name = Halmooni;
			productName = Halmooni;
			productReference = 2C639AD92BF9C8CF00420610 /* Halmooni.app */;
			productType = "com.apple.product-type.application";
		};
/* End PBXNativeTarget section */

/* Begin PBXProject section */
		2C639AD12BF9C8CF00420610 /* Project object */ = {
			isa = PBXProject;
			attributes = {
				BuildIndependentTargetsInParallel = 1;
				LastSwiftUpdateCheck = 1520;
				LastUpgradeCheck = 1520;
				TargetAttributes = {
					2C639AD82BF9C8CF00420610 = {
						CreatedOnToolsVersion = 15.2;
					};
				};
			};
			buildConfigurationList = 2C639AD42BF9C8CF00420610 /* Build configuration list for PBXProject "Halmooni" */;
			compatibilityVersion = "Xcode 14.0";
			developmentRegion = en;
			hasScannedForEncodings = 0;
			knownRegions = (
				en,
				Base,
			);
			mainGroup = 2C639AD02BF9C8CF00420610;
			productRefGroup = 2C639ADA2BF9C8CF00420610 /* Products */;
			projectDirPath = "";
			projectRoot = "";
			targets = (
				2C639AD82BF9C8CF00420610 /* Halmooni */,
			);
		};
/* End PBXProject section */

/* Begin PBXResourcesBuildPhase section */
		2C639AD72BF9C8CF00420610 /* Resources */ = {
			isa = PBXResourcesBuildPhase;
			buildActionMask = 2147483647;
			files = (
				2C639AE42BF9C8D000420610 /* Preview Assets.xcassets in Resources */,
				2C639AEB2BF9C90F00420610 /* .gitignore in Resources */,
				2C639AE12BF9C8D000420610 /* Assets.xcassets in Resources */,
				2CF2DBE42BFA337A008D2B4E /* .gitattributes in Resources */,
			);
			runOnlyForDeploymentPostprocessing = 0;
		};
/* End PBXResourcesBuildPhase section */

/* Begin PBXSourcesBuildPhase section */
		2C639AD52BF9C8CF00420610 /* Sources */ = {
			isa = PBXSourcesBuildPhase;
			buildActionMask = 2147483647;
			files = (
				2C639ADF2BF9C8CF00420610 /* MainTabView.swift in Sources */,
				464117E32BFB270100259B3F /* GuageBar.swift in Sources */,
				B93C32992BFB34A1007699BB /* Title.swift in Sources */,
				2C639ADD2BF9C8CF00420610 /* HalmooniApp.swift in Sources */,
				464117E42BFB270100259B3F /* AddStamp.swift in Sources */,
				2CF2DBE22BFA2245008D2B4E /* PersistentController.swift in Sources */,
				464117E72BFB270100259B3F /* CalendarView.swift in Sources */,
				B91FEB3C2BFC875500C78843 /* DiaryDetailView.swift in Sources */,
				2CF2DBF22BFB3BC6008D2B4E /* AddDiaryTemplateView.swift in Sources */,
				464117E62BFB270100259B3F /* CurrentStamp.swift in Sources */,
				464117E82BFB270100259B3F /* GoalView.swift in Sources */,
				2CF2DBEE2BFB3B7D008D2B4E /* MainAddDiaryView.swift in Sources */,
				2C639AF22BF9CC3000420610 /* DiaryModel.xcdatamodeld in Sources */,
				464117E52BFB270100259B3F /* AddStampDetail.swift in Sources */,
				B91FEB3A2BFC874D00C78843 /* DiaryCollectionView.swift in Sources */,
				2CF2DBF02BFB3BB9008D2B4E /* AddDiaryRecordView.swift in Sources */,
			);
			runOnlyForDeploymentPostprocessing = 0;
		};
/* End PBXSourcesBuildPhase section */

/* Begin XCBuildConfiguration section */
		2C639AE52BF9C8D000420610 /* Debug */ = {
			isa = XCBuildConfiguration;
			buildSettings = {
				ALWAYS_SEARCH_USER_PATHS = NO;
				ASSETCATALOG_COMPILER_GENERATE_SWIFT_ASSET_SYMBOL_EXTENSIONS = YES;
				CLANG_ANALYZER_NONNULL = YES;
				CLANG_ANALYZER_NUMBER_OBJECT_CONVERSION = YES_AGGRESSIVE;
				CLANG_CXX_LANGUAGE_STANDARD = "gnu++20";
				CLANG_ENABLE_MODULES = YES;
				CLANG_ENABLE_OBJC_ARC = YES;
				CLANG_ENABLE_OBJC_WEAK = YES;
				CLANG_WARN_BLOCK_CAPTURE_AUTORELEASING = YES;
				CLANG_WARN_BOOL_CONVERSION = YES;
				CLANG_WARN_COMMA = YES;
				CLANG_WARN_CONSTANT_CONVERSION = YES;
				CLANG_WARN_DEPRECATED_OBJC_IMPLEMENTATIONS = YES;
				CLANG_WARN_DIRECT_OBJC_ISA_USAGE = YES_ERROR;
				CLANG_WARN_DOCUMENTATION_COMMENTS = YES;
				CLANG_WARN_EMPTY_BODY = YES;
				CLANG_WARN_ENUM_CONVERSION = YES;
				CLANG_WARN_INFINITE_RECURSION = YES;
				CLANG_WARN_INT_CONVERSION = YES;
				CLANG_WARN_NON_LITERAL_NULL_CONVERSION = YES;
				CLANG_WARN_OBJC_IMPLICIT_RETAIN_SELF = YES;
				CLANG_WARN_OBJC_LITERAL_CONVERSION = YES;
				CLANG_WARN_OBJC_ROOT_CLASS = YES_ERROR;
				CLANG_WARN_QUOTED_INCLUDE_IN_FRAMEWORK_HEADER = YES;
				CLANG_WARN_RANGE_LOOP_ANALYSIS = YES;
				CLANG_WARN_STRICT_PROTOTYPES = YES;
				CLANG_WARN_SUSPICIOUS_MOVE = YES;
				CLANG_WARN_UNGUARDED_AVAILABILITY = YES_AGGRESSIVE;
				CLANG_WARN_UNREACHABLE_CODE = YES;
				CLANG_WARN__DUPLICATE_METHOD_MATCH = YES;
				COPY_PHASE_STRIP = NO;
				DEBUG_INFORMATION_FORMAT = dwarf;
				ENABLE_STRICT_OBJC_MSGSEND = YES;
				ENABLE_TESTABILITY = YES;
				ENABLE_USER_SCRIPT_SANDBOXING = YES;
				GCC_C_LANGUAGE_STANDARD = gnu17;
				GCC_DYNAMIC_NO_PIC = NO;
				GCC_NO_COMMON_BLOCKS = YES;
				GCC_OPTIMIZATION_LEVEL = 0;
				GCC_PREPROCESSOR_DEFINITIONS = (
					"DEBUG=1",
					"$(inherited)",
				);
				GCC_WARN_64_TO_32_BIT_CONVERSION = YES;
				GCC_WARN_ABOUT_RETURN_TYPE = YES_ERROR;
				GCC_WARN_UNDECLARED_SELECTOR = YES;
				GCC_WARN_UNINITIALIZED_AUTOS = YES_AGGRESSIVE;
				GCC_WARN_UNUSED_FUNCTION = YES;
				GCC_WARN_UNUSED_VARIABLE = YES;
				IPHONEOS_DEPLOYMENT_TARGET = 17.2;
				LOCALIZATION_PREFERS_STRING_CATALOGS = YES;
				MTL_ENABLE_DEBUG_INFO = INCLUDE_SOURCE;
				MTL_FAST_MATH = YES;
				ONLY_ACTIVE_ARCH = YES;
				SDKROOT = iphoneos;
				SWIFT_ACTIVE_COMPILATION_CONDITIONS = "DEBUG $(inherited)";
				SWIFT_OPTIMIZATION_LEVEL = "-Onone";
			};
			name = Debug;
		};
		2C639AE62BF9C8D000420610 /* Release */ = {
			isa = XCBuildConfiguration;
			buildSettings = {
				ALWAYS_SEARCH_USER_PATHS = NO;
				ASSETCATALOG_COMPILER_GENERATE_SWIFT_ASSET_SYMBOL_EXTENSIONS = YES;
				CLANG_ANALYZER_NONNULL = YES;
				CLANG_ANALYZER_NUMBER_OBJECT_CONVERSION = YES_AGGRESSIVE;
				CLANG_CXX_LANGUAGE_STANDARD = "gnu++20";
				CLANG_ENABLE_MODULES = YES;
				CLANG_ENABLE_OBJC_ARC = YES;
				CLANG_ENABLE_OBJC_WEAK = YES;
				CLANG_WARN_BLOCK_CAPTURE_AUTORELEASING = YES;
				CLANG_WARN_BOOL_CONVERSION = YES;
				CLANG_WARN_COMMA = YES;
				CLANG_WARN_CONSTANT_CONVERSION = YES;
				CLANG_WARN_DEPRECATED_OBJC_IMPLEMENTATIONS = YES;
				CLANG_WARN_DIRECT_OBJC_ISA_USAGE = YES_ERROR;
				CLANG_WARN_DOCUMENTATION_COMMENTS = YES;
				CLANG_WARN_EMPTY_BODY = YES;
				CLANG_WARN_ENUM_CONVERSION = YES;
				CLANG_WARN_INFINITE_RECURSION = YES;
				CLANG_WARN_INT_CONVERSION = YES;
				CLANG_WARN_NON_LITERAL_NULL_CONVERSION = YES;
				CLANG_WARN_OBJC_IMPLICIT_RETAIN_SELF = YES;
				CLANG_WARN_OBJC_LITERAL_CONVERSION = YES;
				CLANG_WARN_OBJC_ROOT_CLASS = YES_ERROR;
				CLANG_WARN_QUOTED_INCLUDE_IN_FRAMEWORK_HEADER = YES;
				CLANG_WARN_RANGE_LOOP_ANALYSIS = YES;
				CLANG_WARN_STRICT_PROTOTYPES = YES;
				CLANG_WARN_SUSPICIOUS_MOVE = YES;
				CLANG_WARN_UNGUARDED_AVAILABILITY = YES_AGGRESSIVE;
				CLANG_WARN_UNREACHABLE_CODE = YES;
				CLANG_WARN__DUPLICATE_METHOD_MATCH = YES;
				COPY_PHASE_STRIP = NO;
				DEBUG_INFORMATION_FORMAT = "dwarf-with-dsym";
				ENABLE_NS_ASSERTIONS = NO;
				ENABLE_STRICT_OBJC_MSGSEND = YES;
				ENABLE_USER_SCRIPT_SANDBOXING = YES;
				GCC_C_LANGUAGE_STANDARD = gnu17;
				GCC_NO_COMMON_BLOCKS = YES;
				GCC_WARN_64_TO_32_BIT_CONVERSION = YES;
				GCC_WARN_ABOUT_RETURN_TYPE = YES_ERROR;
				GCC_WARN_UNDECLARED_SELECTOR = YES;
				GCC_WARN_UNINITIALIZED_AUTOS = YES_AGGRESSIVE;
				GCC_WARN_UNUSED_FUNCTION = YES;
				GCC_WARN_UNUSED_VARIABLE = YES;
				IPHONEOS_DEPLOYMENT_TARGET = 17.2;
				LOCALIZATION_PREFERS_STRING_CATALOGS = YES;
				MTL_ENABLE_DEBUG_INFO = NO;
				MTL_FAST_MATH = YES;
				SDKROOT = iphoneos;
				SWIFT_COMPILATION_MODE = wholemodule;
				VALIDATE_PRODUCT = YES;
			};
			name = Release;
		};
		2C639AE82BF9C8D000420610 /* Debug */ = {
			isa = XCBuildConfiguration;
			buildSettings = {
				ASSETCATALOG_COMPILER_APPICON_NAME = AppIcon;
				ASSETCATALOG_COMPILER_GLOBAL_ACCENT_COLOR_NAME = AccentColor;
				CODE_SIGN_ENTITLEMENTS = Halmooni/Halmooni.entitlements;
				CODE_SIGN_STYLE = Automatic;
				CURRENT_PROJECT_VERSION = 1;
				DEVELOPMENT_ASSET_PATHS = "\"Halmooni/Preview Content\"";
				DEVELOPMENT_TEAM = VF8R3A969C;
				ENABLE_PREVIEWS = YES;
				GENERATE_INFOPLIST_FILE = YES;
				INFOPLIST_FILE = Halmooni/Info.plist;
				INFOPLIST_KEY_UIApplicationSceneManifest_Generation = YES;
				INFOPLIST_KEY_UIApplicationSupportsIndirectInputEvents = YES;
				INFOPLIST_KEY_UILaunchScreen_Generation = YES;
				INFOPLIST_KEY_UISupportedInterfaceOrientations_iPad = "UIInterfaceOrientationPortrait UIInterfaceOrientationPortraitUpsideDown UIInterfaceOrientationLandscapeLeft UIInterfaceOrientationLandscapeRight";
				INFOPLIST_KEY_UISupportedInterfaceOrientations_iPhone = "UIInterfaceOrientationPortrait UIInterfaceOrientationLandscapeLeft UIInterfaceOrientationLandscapeRight";
				LD_RUNPATH_SEARCH_PATHS = (
					"$(inherited)",
					"@executable_path/Frameworks",
				);
				MARKETING_VERSION = 1.0;
				PRODUCT_BUNDLE_IDENTIFIER = "DeveloperAcademy-POSTECH.Halmooni";
				PRODUCT_NAME = "$(TARGET_NAME)";
				SWIFT_EMIT_LOC_STRINGS = YES;
				SWIFT_VERSION = 5.0;
				TARGETED_DEVICE_FAMILY = "1,2";
			};
			name = Debug;
		};
		2C639AE92BF9C8D000420610 /* Release */ = {
			isa = XCBuildConfiguration;
			buildSettings = {
				ASSETCATALOG_COMPILER_APPICON_NAME = AppIcon;
				ASSETCATALOG_COMPILER_GLOBAL_ACCENT_COLOR_NAME = AccentColor;
				CODE_SIGN_ENTITLEMENTS = Halmooni/Halmooni.entitlements;
				CODE_SIGN_STYLE = Automatic;
				CURRENT_PROJECT_VERSION = 1;
				DEVELOPMENT_ASSET_PATHS = "\"Halmooni/Preview Content\"";
				DEVELOPMENT_TEAM = VF8R3A969C;
				ENABLE_PREVIEWS = YES;
				GENERATE_INFOPLIST_FILE = YES;
				INFOPLIST_FILE = Halmooni/Info.plist;
				INFOPLIST_KEY_UIApplicationSceneManifest_Generation = YES;
				INFOPLIST_KEY_UIApplicationSupportsIndirectInputEvents = YES;
				INFOPLIST_KEY_UILaunchScreen_Generation = YES;
				INFOPLIST_KEY_UISupportedInterfaceOrientations_iPad = "UIInterfaceOrientationPortrait UIInterfaceOrientationPortraitUpsideDown UIInterfaceOrientationLandscapeLeft UIInterfaceOrientationLandscapeRight";
				INFOPLIST_KEY_UISupportedInterfaceOrientations_iPhone = "UIInterfaceOrientationPortrait UIInterfaceOrientationLandscapeLeft UIInterfaceOrientationLandscapeRight";
				LD_RUNPATH_SEARCH_PATHS = (
					"$(inherited)",
					"@executable_path/Frameworks",
				);
				MARKETING_VERSION = 1.0;
				PRODUCT_BUNDLE_IDENTIFIER = "DeveloperAcademy-POSTECH.Halmooni";
				PRODUCT_NAME = "$(TARGET_NAME)";
				SWIFT_EMIT_LOC_STRINGS = YES;
				SWIFT_VERSION = 5.0;
				TARGETED_DEVICE_FAMILY = "1,2";
			};
			name = Release;
		};
/* End XCBuildConfiguration section */

/* Begin XCConfigurationList section */
		2C639AD42BF9C8CF00420610 /* Build configuration list for PBXProject "Halmooni" */ = {
			isa = XCConfigurationList;
			buildConfigurations = (
				2C639AE52BF9C8D000420610 /* Debug */,
				2C639AE62BF9C8D000420610 /* Release */,
			);
			defaultConfigurationIsVisible = 0;
			defaultConfigurationName = Release;
		};
		2C639AE72BF9C8D000420610 /* Build configuration list for PBXNativeTarget "Halmooni" */ = {
			isa = XCConfigurationList;
			buildConfigurations = (
				2C639AE82BF9C8D000420610 /* Debug */,
				2C639AE92BF9C8D000420610 /* Release */,
			);
			defaultConfigurationIsVisible = 0;
			defaultConfigurationName = Release;
		};
/* End XCConfigurationList section */

/* Begin XCVersionGroup section */
		2C639AF02BF9CC3000420610 /* DiaryModel.xcdatamodeld */ = {
			isa = XCVersionGroup;
			children = (
				2C639AF12BF9CC3000420610 /* Model.xcdatamodel */,
			);
			currentVersion = 2C639AF12BF9CC3000420610 /* Model.xcdatamodel */;
			path = DiaryModel.xcdatamodeld;
			sourceTree = "<group>";
			versionGroupType = wrapper.xcdatamodel;
		};
/* End XCVersionGroup section */
	};
	rootObject = 2C639AD12BF9C8CF00420610 /* Project object */;
}
